
Microsoft Visual Studio Solution File, Format Version 12.00
# Visual Studio Version 17
VisualStudioVersion = 17.5.33502.453
MinimumVisualStudioVersion = 10.0.40219.1
Project("{2150E333-8FDC-42A3-9474-1A3956D46DE8}") = "Lecture1", "Lecture1", "{9594FA02-D8E8-40C2-AC0E-66DA1BC679D9}"
EndProject
Project("{2150E333-8FDC-42A3-9474-1A3956D46DE8}") = "templates", "templates", "{A245D281-F645-4706-8C33-EFCE8C592BA6}"
EndProject
Project("{8BC9CEB8-8B4A-11D0-8D11-00A0C91BC942}") = "LinkList", "templates\LinkList\LinkList.vcxproj", "{A929F790-31C5-43D7-A650-0AE592EACD10}"
EndProject
Project("{8BC9CEB8-8B4A-11D0-8D11-00A0C91BC942}") = "SeqList", "templates\SeqList\SeqList.vcxproj", "{3E68A4B4-5F81-4A89-9939-311D667B7BD5}"
EndProject
Project("{2150E333-8FDC-42A3-9474-1A3956D46DE8}") = "List", "List", "{5F18B0AE-AE00-4E15-AE06-D73E8BC03C83}"
EndProject
Project("{8BC9CEB8-8B4A-11D0-8D11-00A0C91BC942}") = "List", "templates\List\List.vcxproj", "{206C4B8E-A662-4BD1-B756-F0ABECC962AE}"
EndProject
Project("{2150E333-8FDC-42A3-9474-1A3956D46DE8}") = "Lecture2", "Lecture2", "{CC57FEF0-8447-4EE6-A74F-3B6A4794D1AC}"
EndProject
Project("{8BC9CEB8-8B4A-11D0-8D11-00A0C91BC942}") = "Practice1", "Lecture2\Practice1\Practice1.vcxproj", "{3360CCFD-6E9F-480D-8EE2-61691455EFF5}"
EndProject
Project("{8BC9CEB8-8B4A-11D0-8D11-00A0C91BC942}") = "Problem1", "Lecture2\Problem1\Problem1.vcxproj", "{B5B1651B-8230-4D2E-9E89-00E77AD7B6AC}"
EndProject
Project("{8BC9CEB8-8B4A-11D0-8D11-00A0C91BC942}") = "Problem2", "Lecture2\Problem2\Problem2.vcxproj", "{2ACFB538-D44E-4882-A038-4113197C63B1}"
EndProject
Project("{8BC9CEB8-8B4A-11D0-8D11-00A0C91BC942}") = "Problem3", "Lecture2\Problem3\Problem3.vcxproj", "{F4261ED0-D5EB-4E75-BB4B-1F436431F86A}"
EndProject
Project("{8BC9CEB8-8B4A-11D0-8D11-00A0C91BC942}") = "Problem4", "Lecture2\Problem4\Problem4.vcxproj", "{C5EA997F-2015-4A85-8815-C8FD95BF1D43}"
EndProject
Project("{8BC9CEB8-8B4A-11D0-8D11-00A0C91BC942}") = "Problem5", "Lecture2\Problem5\Problem5.vcxproj", "{4260B6FE-C1B0-4F5D-9C26-28A12131EC40}"
EndProject
Project("{8BC9CEB8-8B4A-11D0-8D11-00A0C91BC942}") = "Problem6", "Lecture2\Problem6\Problem6.vcxproj", "{6D3369D8-43AE-4F50-BFBE-C6EDB06DC88D}"
EndProject
Project("{8BC9CEB8-8B4A-11D0-8D11-00A0C91BC942}") = "LinkQueue", "templates\LinkQueue\LinkQueue.vcxproj", "{4D21E32C-C431-4D54-898C-91635D87C803}"
EndProject
Project("{8BC9CEB8-8B4A-11D0-8D11-00A0C91BC942}") = "Problem7", "Lecture2\Problem7\Problem7.vcxproj", "{922B8322-22AD-4B6E-9988-88B16F9341FB}"
EndProject
Project("{8BC9CEB8-8B4A-11D0-8D11-00A0C91BC942}") = "SeqStack", "templates\SeqStack\SeqStack.vcxproj", "{36B1691F-1B16-4967-9BEC-1A7AB7E68D90}"
EndProject
Project("{8BC9CEB8-8B4A-11D0-8D11-00A0C91BC942}") = "Problem8", "Lecture2\Problem8\Problem8.vcxproj", "{09CF5C3D-7BD0-4331-8568-7A0C5BC7645F}"
	ProjectSection(ProjectDependencies) = postProject
		{4D21E32C-C431-4D54-898C-91635D87C803} = {4D21E32C-C431-4D54-898C-91635D87C803}
		{E39722D4-35F8-4645-B5F7-1E6267F54765} = {E39722D4-35F8-4645-B5F7-1E6267F54765}
	EndProjectSection
EndProject
Project("{8BC9CEB8-8B4A-11D0-8D11-00A0C91BC942}") = "LinkStack", "templates\LinkStack\LinkStack.vcxproj", "{E39722D4-35F8-4645-B5F7-1E6267F54765}"
EndProject
Project("{8BC9CEB8-8B4A-11D0-8D11-00A0C91BC942}") = "Practice2", "Lecture2\Practice2\Practice2.vcxproj", "{5FEEA442-9E6C-4920-A5FB-92EC3DBD7C5F}"
EndProject
Project("{2150E333-8FDC-42A3-9474-1A3956D46DE8}") = "Solution Items", "Solution Items", "{AF9F05E9-83AD-4ACE-8FD0-E19058425411}"
	ProjectSection(SolutionItems) = preProject
		README.md = README.md
	EndProjectSection
EndProject
Project("{8BC9CEB8-8B4A-11D0-8D11-00A0C91BC942}") = "Problem1", "Lecture1\Problem1\Problem1.vcxproj", "{9F78E3BE-9741-4F6C-BC54-C79B0B4D9D52}"
EndProject
Project("{8BC9CEB8-8B4A-11D0-8D11-00A0C91BC942}") = "Problem2", "Lecture1\Problem2\Problem2.vcxproj", "{0E810480-BC50-41E4-AADE-A8C676E0D499}"
EndProject
Project("{8BC9CEB8-8B4A-11D0-8D11-00A0C91BC942}") = "Problem4", "Lecture1\Problem4\Problem4.vcxproj", "{942E3143-E9E8-41C4-8B61-1C96E7A3DD45}"
EndProject
Project("{8BC9CEB8-8B4A-11D0-8D11-00A0C91BC942}") = "Problem5", "Lecture1\Problem5\Problem5.vcxproj", "{B1C0541C-A088-4220-B3E1-0F92F153EC07}"
EndProject
Project("{8BC9CEB8-8B4A-11D0-8D11-00A0C91BC942}") = "Problem6", "Lecture1\Problem6\Problem6.vcxproj", "{6E2F2E9E-E070-42C4-B3D5-97E4D8DB1056}"
EndProject
Project("{8BC9CEB8-8B4A-11D0-8D11-00A0C91BC942}") = "Problem7", "Lecture1\Problem7\Problem7.vcxproj", "{48A5248D-0CDF-4413-95E1-C173C78276A1}"
EndProject
Project("{8BC9CEB8-8B4A-11D0-8D11-00A0C91BC942}") = "Problem8", "Lecture1\Problem8\Problem8.vcxproj", "{780A4186-B718-48B8-8321-DB96E5E576F6}"
EndProject
Project("{8BC9CEB8-8B4A-11D0-8D11-00A0C91BC942}") = "Problem3", "Lecture1\Problem3\Problem3.vcxproj", "{E475211E-2240-469E-9E45-61B2FE608D2F}"
EndProject
Global
	GlobalSection(SolutionConfigurationPlatforms) = preSolution
		Debug|x64 = Debug|x64
		Debug|x86 = Debug|x86
		Release|x64 = Release|x64
		Release|x86 = Release|x86
	EndGlobalSection
	GlobalSection(ProjectConfigurationPlatforms) = postSolution
		{A929F790-31C5-43D7-A650-0AE592EACD10}.Debug|x64.ActiveCfg = Debug|x64
		{A929F790-31C5-43D7-A650-0AE592EACD10}.Debug|x64.Build.0 = Debug|x64
		{A929F790-31C5-43D7-A650-0AE592EACD10}.Debug|x86.ActiveCfg = Debug|Win32
		{A929F790-31C5-43D7-A650-0AE592EACD10}.Debug|x86.Build.0 = Debug|Win32
		{A929F790-31C5-43D7-A650-0AE592EACD10}.Release|x64.ActiveCfg = Release|x64
		{A929F790-31C5-43D7-A650-0AE592EACD10}.Release|x64.Build.0 = Release|x64
		{A929F790-31C5-43D7-A650-0AE592EACD10}.Release|x86.ActiveCfg = Release|Win32
		{A929F790-31C5-43D7-A650-0AE592EACD10}.Release|x86.Build.0 = Release|Win32
		{3E68A4B4-5F81-4A89-9939-311D667B7BD5}.Debug|x64.ActiveCfg = Debug|x64
		{3E68A4B4-5F81-4A89-9939-311D667B7BD5}.Debug|x64.Build.0 = Debug|x64
		{3E68A4B4-5F81-4A89-9939-311D667B7BD5}.Debug|x86.ActiveCfg = Debug|Win32
		{3E68A4B4-5F81-4A89-9939-311D667B7BD5}.Debug|x86.Build.0 = Debug|Win32
		{3E68A4B4-5F81-4A89-9939-311D667B7BD5}.Release|x64.ActiveCfg = Release|x64
		{3E68A4B4-5F81-4A89-9939-311D667B7BD5}.Release|x64.Build.0 = Release|x64
		{3E68A4B4-5F81-4A89-9939-311D667B7BD5}.Release|x86.ActiveCfg = Release|Win32
		{3E68A4B4-5F81-4A89-9939-311D667B7BD5}.Release|x86.Build.0 = Release|Win32
		{206C4B8E-A662-4BD1-B756-F0ABECC962AE}.Debug|x64.ActiveCfg = Debug|x64
		{206C4B8E-A662-4BD1-B756-F0ABECC962AE}.Debug|x64.Build.0 = Debug|x64
		{206C4B8E-A662-4BD1-B756-F0ABECC962AE}.Debug|x86.ActiveCfg = Debug|Win32
		{206C4B8E-A662-4BD1-B756-F0ABECC962AE}.Debug|x86.Build.0 = Debug|Win32
		{206C4B8E-A662-4BD1-B756-F0ABECC962AE}.Release|x64.ActiveCfg = Release|x64
		{206C4B8E-A662-4BD1-B756-F0ABECC962AE}.Release|x64.Build.0 = Release|x64
		{206C4B8E-A662-4BD1-B756-F0ABECC962AE}.Release|x86.ActiveCfg = Release|Win32
		{206C4B8E-A662-4BD1-B756-F0ABECC962AE}.Release|x86.Build.0 = Release|Win32
		{3360CCFD-6E9F-480D-8EE2-61691455EFF5}.Debug|x64.ActiveCfg = Debug|x64
		{3360CCFD-6E9F-480D-8EE2-61691455EFF5}.Debug|x64.Build.0 = Debug|x64
		{3360CCFD-6E9F-480D-8EE2-61691455EFF5}.Debug|x86.ActiveCfg = Debug|Win32
		{3360CCFD-6E9F-480D-8EE2-61691455EFF5}.Debug|x86.Build.0 = Debug|Win32
		{3360CCFD-6E9F-480D-8EE2-61691455EFF5}.Release|x64.ActiveCfg = Release|x64
		{3360CCFD-6E9F-480D-8EE2-61691455EFF5}.Release|x64.Build.0 = Release|x64
		{3360CCFD-6E9F-480D-8EE2-61691455EFF5}.Release|x86.ActiveCfg = Release|Win32
		{3360CCFD-6E9F-480D-8EE2-61691455EFF5}.Release|x86.Build.0 = Release|Win32
		{B5B1651B-8230-4D2E-9E89-00E77AD7B6AC}.Debug|x64.ActiveCfg = Debug|x64
		{B5B1651B-8230-4D2E-9E89-00E77AD7B6AC}.Debug|x64.Build.0 = Debug|x64
		{B5B1651B-8230-4D2E-9E89-00E77AD7B6AC}.Debug|x86.ActiveCfg = Debug|Win32
		{B5B1651B-8230-4D2E-9E89-00E77AD7B6AC}.Debug|x86.Build.0 = Debug|Win32
		{B5B1651B-8230-4D2E-9E89-00E77AD7B6AC}.Release|x64.ActiveCfg = Release|x64
		{B5B1651B-8230-4D2E-9E89-00E77AD7B6AC}.Release|x64.Build.0 = Release|x64
		{B5B1651B-8230-4D2E-9E89-00E77AD7B6AC}.Release|x86.ActiveCfg = Release|Win32
		{B5B1651B-8230-4D2E-9E89-00E77AD7B6AC}.Release|x86.Build.0 = Release|Win32
		{2ACFB538-D44E-4882-A038-4113197C63B1}.Debug|x64.ActiveCfg = Debug|x64
		{2ACFB538-D44E-4882-A038-4113197C63B1}.Debug|x64.Build.0 = Debug|x64
		{2ACFB538-D44E-4882-A038-4113197C63B1}.Debug|x86.ActiveCfg = Debug|Win32
		{2ACFB538-D44E-4882-A038-4113197C63B1}.Debug|x86.Build.0 = Debug|Win32
		{2ACFB538-D44E-4882-A038-4113197C63B1}.Release|x64.ActiveCfg = Release|x64
		{2ACFB538-D44E-4882-A038-4113197C63B1}.Release|x64.Build.0 = Release|x64
		{2ACFB538-D44E-4882-A038-4113197C63B1}.Release|x86.ActiveCfg = Release|Win32
		{2ACFB538-D44E-4882-A038-4113197C63B1}.Release|x86.Build.0 = Release|Win32
		{F4261ED0-D5EB-4E75-BB4B-1F436431F86A}.Debug|x64.ActiveCfg = Debug|x64
		{F4261ED0-D5EB-4E75-BB4B-1F436431F86A}.Debug|x64.Build.0 = Debug|x64
		{F4261ED0-D5EB-4E75-BB4B-1F436431F86A}.Debug|x86.ActiveCfg = Debug|Win32
		{F4261ED0-D5EB-4E75-BB4B-1F436431F86A}.Debug|x86.Build.0 = Debug|Win32
		{F4261ED0-D5EB-4E75-BB4B-1F436431F86A}.Release|x64.ActiveCfg = Release|x64
		{F4261ED0-D5EB-4E75-BB4B-1F436431F86A}.Release|x64.Build.0 = Release|x64
		{F4261ED0-D5EB-4E75-BB4B-1F436431F86A}.Release|x86.ActiveCfg = Release|Win32
		{F4261ED0-D5EB-4E75-BB4B-1F436431F86A}.Release|x86.Build.0 = Release|Win32
		{C5EA997F-2015-4A85-8815-C8FD95BF1D43}.Debug|x64.ActiveCfg = Debug|x64
		{C5EA997F-2015-4A85-8815-C8FD95BF1D43}.Debug|x64.Build.0 = Debug|x64
		{C5EA997F-2015-4A85-8815-C8FD95BF1D43}.Debug|x86.ActiveCfg = Debug|Win32
		{C5EA997F-2015-4A85-8815-C8FD95BF1D43}.Debug|x86.Build.0 = Debug|Win32
		{C5EA997F-2015-4A85-8815-C8FD95BF1D43}.Release|x64.ActiveCfg = Release|x64
		{C5EA997F-2015-4A85-8815-C8FD95BF1D43}.Release|x64.Build.0 = Release|x64
		{C5EA997F-2015-4A85-8815-C8FD95BF1D43}.Release|x86.ActiveCfg = Release|Win32
		{C5EA997F-2015-4A85-8815-C8FD95BF1D43}.Release|x86.Build.0 = Release|Win32
		{4260B6FE-C1B0-4F5D-9C26-28A12131EC40}.Debug|x64.ActiveCfg = Debug|x64
		{4260B6FE-C1B0-4F5D-9C26-28A12131EC40}.Debug|x64.Build.0 = Debug|x64
		{4260B6FE-C1B0-4F5D-9C26-28A12131EC40}.Debug|x86.ActiveCfg = Debug|Win32
		{4260B6FE-C1B0-4F5D-9C26-28A12131EC40}.Debug|x86.Build.0 = Debug|Win32
		{4260B6FE-C1B0-4F5D-9C26-28A12131EC40}.Release|x64.ActiveCfg = Release|x64
		{4260B6FE-C1B0-4F5D-9C26-28A12131EC40}.Release|x64.Build.0 = Release|x64
		{4260B6FE-C1B0-4F5D-9C26-28A12131EC40}.Release|x86.ActiveCfg = Release|Win32
		{4260B6FE-C1B0-4F5D-9C26-28A12131EC40}.Release|x86.Build.0 = Release|Win32
		{6D3369D8-43AE-4F50-BFBE-C6EDB06DC88D}.Debug|x64.ActiveCfg = Debug|x64
		{6D3369D8-43AE-4F50-BFBE-C6EDB06DC88D}.Debug|x64.Build.0 = Debug|x64
		{6D3369D8-43AE-4F50-BFBE-C6EDB06DC88D}.Debug|x86.ActiveCfg = Debug|Win32
		{6D3369D8-43AE-4F50-BFBE-C6EDB06DC88D}.Debug|x86.Build.0 = Debug|Win32
		{6D3369D8-43AE-4F50-BFBE-C6EDB06DC88D}.Release|x64.ActiveCfg = Release|x64
		{6D3369D8-43AE-4F50-BFBE-C6EDB06DC88D}.Release|x64.Build.0 = Release|x64
		{6D3369D8-43AE-4F50-BFBE-C6EDB06DC88D}.Release|x86.ActiveCfg = Release|Win32
		{6D3369D8-43AE-4F50-BFBE-C6EDB06DC88D}.Release|x86.Build.0 = Release|Win32
		{4D21E32C-C431-4D54-898C-91635D87C803}.Debug|x64.ActiveCfg = Debug|x64
		{4D21E32C-C431-4D54-898C-91635D87C803}.Debug|x64.Build.0 = Debug|x64
		{4D21E32C-C431-4D54-898C-91635D87C803}.Debug|x86.ActiveCfg = Debug|Win32
		{4D21E32C-C431-4D54-898C-91635D87C803}.Debug|x86.Build.0 = Debug|Win32
		{4D21E32C-C431-4D54-898C-91635D87C803}.Release|x64.ActiveCfg = Release|x64
		{4D21E32C-C431-4D54-898C-91635D87C803}.Release|x64.Build.0 = Release|x64
		{4D21E32C-C431-4D54-898C-91635D87C803}.Release|x86.ActiveCfg = Release|Win32
		{4D21E32C-C431-4D54-898C-91635D87C803}.Release|x86.Build.0 = Release|Win32
		{922B8322-22AD-4B6E-9988-88B16F9341FB}.Debug|x64.ActiveCfg = Debug|x64
		{922B8322-22AD-4B6E-9988-88B16F9341FB}.Debug|x64.Build.0 = Debug|x64
		{922B8322-22AD-4B6E-9988-88B16F9341FB}.Debug|x86.ActiveCfg = Debug|Win32
		{922B8322-22AD-4B6E-9988-88B16F9341FB}.Debug|x86.Build.0 = Debug|Win32
		{922B8322-22AD-4B6E-9988-88B16F9341FB}.Release|x64.ActiveCfg = Release|x64
		{922B8322-22AD-4B6E-9988-88B16F9341FB}.Release|x64.Build.0 = Release|x64
		{922B8322-22AD-4B6E-9988-88B16F9341FB}.Release|x86.ActiveCfg = Release|Win32
		{922B8322-22AD-4B6E-9988-88B16F9341FB}.Release|x86.Build.0 = Release|Win32
		{36B1691F-1B16-4967-9BEC-1A7AB7E68D90}.Debug|x64.ActiveCfg = Debug|x64
		{36B1691F-1B16-4967-9BEC-1A7AB7E68D90}.Debug|x64.Build.0 = Debug|x64
		{36B1691F-1B16-4967-9BEC-1A7AB7E68D90}.Debug|x86.ActiveCfg = Debug|Win32
		{36B1691F-1B16-4967-9BEC-1A7AB7E68D90}.Debug|x86.Build.0 = Debug|Win32
		{36B1691F-1B16-4967-9BEC-1A7AB7E68D90}.Release|x64.ActiveCfg = Release|x64
		{36B1691F-1B16-4967-9BEC-1A7AB7E68D90}.Release|x64.Build.0 = Release|x64
		{36B1691F-1B16-4967-9BEC-1A7AB7E68D90}.Release|x86.ActiveCfg = Release|Win32
		{36B1691F-1B16-4967-9BEC-1A7AB7E68D90}.Release|x86.Build.0 = Release|Win32
		{09CF5C3D-7BD0-4331-8568-7A0C5BC7645F}.Debug|x64.ActiveCfg = Debug|x64
		{09CF5C3D-7BD0-4331-8568-7A0C5BC7645F}.Debug|x64.Build.0 = Debug|x64
		{09CF5C3D-7BD0-4331-8568-7A0C5BC7645F}.Debug|x86.ActiveCfg = Debug|Win32
		{09CF5C3D-7BD0-4331-8568-7A0C5BC7645F}.Debug|x86.Build.0 = Debug|Win32
		{09CF5C3D-7BD0-4331-8568-7A0C5BC7645F}.Release|x64.ActiveCfg = Release|x64
		{09CF5C3D-7BD0-4331-8568-7A0C5BC7645F}.Release|x64.Build.0 = Release|x64
		{09CF5C3D-7BD0-4331-8568-7A0C5BC7645F}.Release|x86.ActiveCfg = Release|Win32
		{09CF5C3D-7BD0-4331-8568-7A0C5BC7645F}.Release|x86.Build.0 = Release|Win32
		{E39722D4-35F8-4645-B5F7-1E6267F54765}.Debug|x64.ActiveCfg = Debug|x64
		{E39722D4-35F8-4645-B5F7-1E6267F54765}.Debug|x64.Build.0 = Debug|x64
		{E39722D4-35F8-4645-B5F7-1E6267F54765}.Debug|x86.ActiveCfg = Debug|Win32
		{E39722D4-35F8-4645-B5F7-1E6267F54765}.Debug|x86.Build.0 = Debug|Win32
		{E39722D4-35F8-4645-B5F7-1E6267F54765}.Release|x64.ActiveCfg = Release|x64
		{E39722D4-35F8-4645-B5F7-1E6267F54765}.Release|x64.Build.0 = Release|x64
		{E39722D4-35F8-4645-B5F7-1E6267F54765}.Release|x86.ActiveCfg = Release|Win32
		{E39722D4-35F8-4645-B5F7-1E6267F54765}.Release|x86.Build.0 = Release|Win32
		{5FEEA442-9E6C-4920-A5FB-92EC3DBD7C5F}.Debug|x64.ActiveCfg = Debug|x64
		{5FEEA442-9E6C-4920-A5FB-92EC3DBD7C5F}.Debug|x64.Build.0 = Debug|x64
		{5FEEA442-9E6C-4920-A5FB-92EC3DBD7C5F}.Debug|x86.ActiveCfg = Debug|Win32
		{5FEEA442-9E6C-4920-A5FB-92EC3DBD7C5F}.Debug|x86.Build.0 = Debug|Win32
		{5FEEA442-9E6C-4920-A5FB-92EC3DBD7C5F}.Release|x64.ActiveCfg = Release|x64
		{5FEEA442-9E6C-4920-A5FB-92EC3DBD7C5F}.Release|x64.Build.0 = Release|x64
		{5FEEA442-9E6C-4920-A5FB-92EC3DBD7C5F}.Release|x86.ActiveCfg = Release|Win32
		{5FEEA442-9E6C-4920-A5FB-92EC3DBD7C5F}.Release|x86.Build.0 = Release|Win32
		{9F78E3BE-9741-4F6C-BC54-C79B0B4D9D52}.Debug|x64.ActiveCfg = Debug|x64
		{9F78E3BE-9741-4F6C-BC54-C79B0B4D9D52}.Debug|x64.Build.0 = Debug|x64
		{9F78E3BE-9741-4F6C-BC54-C79B0B4D9D52}.Debug|x86.ActiveCfg = Debug|Win32
		{9F78E3BE-9741-4F6C-BC54-C79B0B4D9D52}.Debug|x86.Build.0 = Debug|Win32
		{9F78E3BE-9741-4F6C-BC54-C79B0B4D9D52}.Release|x64.ActiveCfg = Release|x64
		{9F78E3BE-9741-4F6C-BC54-C79B0B4D9D52}.Release|x64.Build.0 = Release|x64
		{9F78E3BE-9741-4F6C-BC54-C79B0B4D9D52}.Release|x86.ActiveCfg = Release|Win32
		{9F78E3BE-9741-4F6C-BC54-C79B0B4D9D52}.Release|x86.Build.0 = Release|Win32
		{0E810480-BC50-41E4-AADE-A8C676E0D499}.Debug|x64.ActiveCfg = Debug|x64
		{0E810480-BC50-41E4-AADE-A8C676E0D499}.Debug|x64.Build.0 = Debug|x64
		{0E810480-BC50-41E4-AADE-A8C676E0D499}.Debug|x86.ActiveCfg = Debug|Win32
		{0E810480-BC50-41E4-AADE-A8C676E0D499}.Debug|x86.Build.0 = Debug|Win32
		{0E810480-BC50-41E4-AADE-A8C676E0D499}.Release|x64.ActiveCfg = Release|x64
		{0E810480-BC50-41E4-AADE-A8C676E0D499}.Release|x64.Build.0 = Release|x64
		{0E810480-BC50-41E4-AADE-A8C676E0D499}.Release|x86.ActiveCfg = Release|Win32
		{0E810480-BC50-41E4-AADE-A8C676E0D499}.Release|x86.Build.0 = Release|Win32
		{942E3143-E9E8-41C4-8B61-1C96E7A3DD45}.Debug|x64.ActiveCfg = Debug|x64
		{942E3143-E9E8-41C4-8B61-1C96E7A3DD45}.Debug|x64.Build.0 = Debug|x64
		{942E3143-E9E8-41C4-8B61-1C96E7A3DD45}.Debug|x86.ActiveCfg = Debug|Win32
		{942E3143-E9E8-41C4-8B61-1C96E7A3DD45}.Debug|x86.Build.0 = Debug|Win32
		{942E3143-E9E8-41C4-8B61-1C96E7A3DD45}.Release|x64.ActiveCfg = Release|x64
		{942E3143-E9E8-41C4-8B61-1C96E7A3DD45}.Release|x64.Build.0 = Release|x64
		{942E3143-E9E8-41C4-8B61-1C96E7A3DD45}.Release|x86.ActiveCfg = Release|Win32
		{942E3143-E9E8-41C4-8B61-1C96E7A3DD45}.Release|x86.Build.0 = Release|Win32
		{B1C0541C-A088-4220-B3E1-0F92F153EC07}.Debug|x64.ActiveCfg = Debug|x64
		{B1C0541C-A088-4220-B3E1-0F92F153EC07}.Debug|x64.Build.0 = Debug|x64
		{B1C0541C-A088-4220-B3E1-0F92F153EC07}.Debug|x86.ActiveCfg = Debug|Win32
		{B1C0541C-A088-4220-B3E1-0F92F153EC07}.Debug|x86.Build.0 = Debug|Win32
		{B1C0541C-A088-4220-B3E1-0F92F153EC07}.Release|x64.ActiveCfg = Release|x64
		{B1C0541C-A088-4220-B3E1-0F92F153EC07}.Release|x64.Build.0 = Release|x64
		{B1C0541C-A088-4220-B3E1-0F92F153EC07}.Release|x86.ActiveCfg = Release|Win32
		{B1C0541C-A088-4220-B3E1-0F92F153EC07}.Release|x86.Build.0 = Release|Win32
		{6E2F2E9E-E070-42C4-B3D5-97E4D8DB1056}.Debug|x64.ActiveCfg = Debug|x64
		{6E2F2E9E-E070-42C4-B3D5-97E4D8DB1056}.Debug|x64.Build.0 = Debug|x64
		{6E2F2E9E-E070-42C4-B3D5-97E4D8DB1056}.Debug|x86.ActiveCfg = Debug|Win32
		{6E2F2E9E-E070-42C4-B3D5-97E4D8DB1056}.Debug|x86.Build.0 = Debug|Win32
		{6E2F2E9E-E070-42C4-B3D5-97E4D8DB1056}.Release|x64.ActiveCfg = Release|x64
		{6E2F2E9E-E070-42C4-B3D5-97E4D8DB1056}.Release|x64.Build.0 = Release|x64
		{6E2F2E9E-E070-42C4-B3D5-97E4D8DB1056}.Release|x86.ActiveCfg = Release|Win32
		{6E2F2E9E-E070-42C4-B3D5-97E4D8DB1056}.Release|x86.Build.0 = Release|Win32
		{48A5248D-0CDF-4413-95E1-C173C78276A1}.Debug|x64.ActiveCfg = Debug|x64
		{48A5248D-0CDF-4413-95E1-C173C78276A1}.Debug|x64.Build.0 = Debug|x64
		{48A5248D-0CDF-4413-95E1-C173C78276A1}.Debug|x86.ActiveCfg = Debug|Win32
		{48A5248D-0CDF-4413-95E1-C173C78276A1}.Debug|x86.Build.0 = Debug|Win32
		{48A5248D-0CDF-4413-95E1-C173C78276A1}.Release|x64.ActiveCfg = Release|x64
		{48A5248D-0CDF-4413-95E1-C173C78276A1}.Release|x64.Build.0 = Release|x64
		{48A5248D-0CDF-4413-95E1-C173C78276A1}.Release|x86.ActiveCfg = Release|Win32
		{48A5248D-0CDF-4413-95E1-C173C78276A1}.Release|x86.Build.0 = Release|Win32
		{780A4186-B718-48B8-8321-DB96E5E576F6}.Debug|x64.ActiveCfg = Debug|x64
		{780A4186-B718-48B8-8321-DB96E5E576F6}.Debug|x64.Build.0 = Debug|x64
		{780A4186-B718-48B8-8321-DB96E5E576F6}.Debug|x86.ActiveCfg = Debug|Win32
		{780A4186-B718-48B8-8321-DB96E5E576F6}.Debug|x86.Build.0 = Debug|Win32
		{780A4186-B718-48B8-8321-DB96E5E576F6}.Release|x64.ActiveCfg = Release|x64
		{780A4186-B718-48B8-8321-DB96E5E576F6}.Release|x64.Build.0 = Release|x64
		{780A4186-B718-48B8-8321-DB96E5E576F6}.Release|x86.ActiveCfg = Release|Win32
		{780A4186-B718-48B8-8321-DB96E5E576F6}.Release|x86.Build.0 = Release|Win32
		{E475211E-2240-469E-9E45-61B2FE608D2F}.Debug|x64.ActiveCfg = Debug|x64
		{E475211E-2240-469E-9E45-61B2FE608D2F}.Debug|x64.Build.0 = Debug|x64
		{E475211E-2240-469E-9E45-61B2FE608D2F}.Debug|x86.ActiveCfg = Debug|Win32
		{E475211E-2240-469E-9E45-61B2FE608D2F}.Debug|x86.Build.0 = Debug|Win32
		{E475211E-2240-469E-9E45-61B2FE608D2F}.Release|x64.ActiveCfg = Release|x64
		{E475211E-2240-469E-9E45-61B2FE608D2F}.Release|x64.Build.0 = Release|x64
		{E475211E-2240-469E-9E45-61B2FE608D2F}.Release|x86.ActiveCfg = Release|Win32
		{E475211E-2240-469E-9E45-61B2FE608D2F}.Release|x86.Build.0 = Release|Win32
	EndGlobalSection
	GlobalSection(SolutionProperties) = preSolution
		HideSolutionNode = FALSE
	EndGlobalSection
	GlobalSection(NestedProjects) = preSolution
		{A929F790-31C5-43D7-A650-0AE592EACD10} = {5F18B0AE-AE00-4E15-AE06-D73E8BC03C83}
		{3E68A4B4-5F81-4A89-9939-311D667B7BD5} = {5F18B0AE-AE00-4E15-AE06-D73E8BC03C83}
		{5F18B0AE-AE00-4E15-AE06-D73E8BC03C83} = {A245D281-F645-4706-8C33-EFCE8C592BA6}
		{206C4B8E-A662-4BD1-B756-F0ABECC962AE} = {5F18B0AE-AE00-4E15-AE06-D73E8BC03C83}
		{3360CCFD-6E9F-480D-8EE2-61691455EFF5} = {CC57FEF0-8447-4EE6-A74F-3B6A4794D1AC}
		{B5B1651B-8230-4D2E-9E89-00E77AD7B6AC} = {CC57FEF0-8447-4EE6-A74F-3B6A4794D1AC}
		{2ACFB538-D44E-4882-A038-4113197C63B1} = {CC57FEF0-8447-4EE6-A74F-3B6A4794D1AC}
		{F4261ED0-D5EB-4E75-BB4B-1F436431F86A} = {CC57FEF0-8447-4EE6-A74F-3B6A4794D1AC}
		{C5EA997F-2015-4A85-8815-C8FD95BF1D43} = {CC57FEF0-8447-4EE6-A74F-3B6A4794D1AC}
		{4260B6FE-C1B0-4F5D-9C26-28A12131EC40} = {CC57FEF0-8447-4EE6-A74F-3B6A4794D1AC}
		{6D3369D8-43AE-4F50-BFBE-C6EDB06DC88D} = {CC57FEF0-8447-4EE6-A74F-3B6A4794D1AC}
		{4D21E32C-C431-4D54-898C-91635D87C803} = {5F18B0AE-AE00-4E15-AE06-D73E8BC03C83}
		{922B8322-22AD-4B6E-9988-88B16F9341FB} = {CC57FEF0-8447-4EE6-A74F-3B6A4794D1AC}
		{36B1691F-1B16-4967-9BEC-1A7AB7E68D90} = {5F18B0AE-AE00-4E15-AE06-D73E8BC03C83}
		{09CF5C3D-7BD0-4331-8568-7A0C5BC7645F} = {CC57FEF0-8447-4EE6-A74F-3B6A4794D1AC}
		{E39722D4-35F8-4645-B5F7-1E6267F54765} = {5F18B0AE-AE00-4E15-AE06-D73E8BC03C83}
		{5FEEA442-9E6C-4920-A5FB-92EC3DBD7C5F} = {CC57FEF0-8447-4EE6-A74F-3B6A4794D1AC}
		{9F78E3BE-9741-4F6C-BC54-C79B0B4D9D52} = {9594FA02-D8E8-40C2-AC0E-66DA1BC679D9}
		{0E810480-BC50-41E4-AADE-A8C676E0D499} = {9594FA02-D8E8-40C2-AC0E-66DA1BC679D9}
		{942E3143-E9E8-41C4-8B61-1C96E7A3DD45} = {9594FA02-D8E8-40C2-AC0E-66DA1BC679D9}
		{B1C0541C-A088-4220-B3E1-0F92F153EC07} = {9594FA02-D8E8-40C2-AC0E-66DA1BC679D9}
		{6E2F2E9E-E070-42C4-B3D5-97E4D8DB1056} = {9594FA02-D8E8-40C2-AC0E-66DA1BC679D9}
		{48A5248D-0CDF-4413-95E1-C173C78276A1} = {9594FA02-D8E8-40C2-AC0E-66DA1BC679D9}
		{780A4186-B718-48B8-8321-DB96E5E576F6} = {9594FA02-D8E8-40C2-AC0E-66DA1BC679D9}
		{E475211E-2240-469E-9E45-61B2FE608D2F} = {9594FA02-D8E8-40C2-AC0E-66DA1BC679D9}
	EndGlobalSection
	GlobalSection(ExtensibilityGlobals) = postSolution
		SolutionGuid = {4B89010D-26E9-4F22-98D5-C243AD9A4966}
	EndGlobalSection
EndGlobal
